
Microsoft Visual Studio Solution File, Format Version 12.00
# Visual Studio 15
Project("{FAE04EC0-301F-11D3-BF4B-00C04F79EFBC}") = "AstarPathfindingProject", "AstarPathfindingProject.csproj", "{18C718D6-279D-E521-EEAC-A39C2D784EA3}"
EndProject
Project("{FAE04EC0-301F-11D3-BF4B-00C04F79EFBC}") = "Assembly-CSharp", "Assembly-CSharp.csproj", "{86F179D2-AB13-3F1D-9490-1AA6960B5005}"
EndProject
Project("{FAE04EC0-301F-11D3-BF4B-00C04F79EFBC}") = "AstarPathfindingProjectEditor", "AstarPathfindingProjectEditor.csproj", "{66473DB2-93CA-7619-CE3E-921CB4AEAFC4}"
EndProject
Project("{FAE04EC0-301F-11D3-BF4B-00C04F79EFBC}") = "PackageToolsEditor", "PackageToolsEditor.csproj", "{24A00998-0643-EAEA-46D9-AFEABFC7758D}"
EndProject
Global
	GlobalSection(SolutionConfigurationPlatforms) = preSolution
		Debug|Any CPU = Debug|Any CPU
		Release|Any CPU = Release|Any CPU
	EndGlobalSection
	GlobalSection(ProjectConfigurationPlatforms) = postSolution
		{18C718D6-279D-E521-EEAC-A39C2D784EA3}.Debug|Any CPU.ActiveCfg = Debug|Any CPU
		{18C718D6-279D-E521-EEAC-A39C2D784EA3}.Debug|Any CPU.Build.0 = Debug|Any CPU
		{18C718D6-279D-E521-EEAC-A39C2D784EA3}.Release|Any CPU.ActiveCfg = Release|Any CPU
		{18C718D6-279D-E521-EEAC-A39C2D784EA3}.Release|Any CPU.Build.0 = Release|Any CPU
		{86F179D2-AB13-3F1D-9490-1AA6960B5005}.Debug|Any CPU.ActiveCfg = Debug|Any CPU
		{86F179D2-AB13-3F1D-9490-1AA6960B5005}.Debug|Any CPU.Build.0 = Debug|Any CPU
		{86F179D2-AB13-3F1D-9490-1AA6960B5005}.Release|Any CPU.ActiveCfg = Release|Any CPU
		{86F179D2-AB13-3F1D-9490-1AA6960B5005}.Release|Any CPU.Build.0 = Release|Any CPU
		{66473DB2-93CA-7619-CE3E-921CB4AEAFC4}.Debug|Any CPU.ActiveCfg = Debug|Any CPU
		{66473DB2-93CA-7619-CE3E-921CB4AEAFC4}.Debug|Any CPU.Build.0 = Debug|Any CPU
		{66473DB2-93CA-7619-CE3E-921CB4AEAFC4}.Release|Any CPU.ActiveCfg = Release|Any CPU
		{66473DB2-93CA-7619-CE3E-921CB4AEAFC4}.Release|Any CPU.Build.0 = Release|Any CPU
		{24A00998-0643-EAEA-46D9-AFEABFC7758D}.Debug|Any CPU.ActiveCfg = Debug|Any CPU
		{24A00998-0643-EAEA-46D9-AFEABFC7758D}.Debug|Any CPU.Build.0 = Debug|Any CPU
		{24A00998-0643-EAEA-46D9-AFEABFC7758D}.Release|Any CPU.ActiveCfg = Release|Any CPU
		{24A00998-0643-EAEA-46D9-AFEABFC7758D}.Release|Any CPU.Build.0 = Release|Any CPU
	EndGlobalSection
	GlobalSection(SolutionProperties) = preSolution
		HideSolutionNode = FALSE
	EndGlobalSection
EndGlobal
